
Microsoft Visual Studio Solution File, Format Version 12.00
# Visual Studio Version 16
VisualStudioVersion = 16.0.29326.143
MinimumVisualStudioVersion = 10.0.40219.1
Project("{FAE04EC0-301F-11D3-BF4B-00C04F79EFBC}") = "ComicBookGallery", "ComicBookGallery\ComicBookGallery.csproj", "{E1348C4B-9E1F-4E61-A2B4-5720A9EB5ADE}"
EndProject
Global
	GlobalSection(SolutionConfigurationPlatforms) = preSolution
		Debug|Any CPU = Debug|Any CPU
		Release|Any CPU = Release|Any CPU
	EndGlobalSection
	GlobalSection(ProjectConfigurationPlatforms) = postSolution
		{E1348C4B-9E1F-4E61-A2B4-5720A9EB5ADE}.Debug|Any CPU.ActiveCfg = Debug|Any CPU
		{E1348C4B-9E1F-4E61-A2B4-5720A9EB5ADE}.Debug|Any CPU.Build.0 = Debug|Any CPU
		{E1348C4B-9E1F-4E61-A2B4-5720A9EB5ADE}.Release|Any CPU.ActiveCfg = Release|Any CPU
		{E1348C4B-9E1F-4E61-A2B4-5720A9EB5ADE}.Release|Any CPU.Build.0 = Release|Any CPU
	EndGlobalSection
	GlobalSection(SolutionProperties) = preSolution
		HideSolutionNode = FALSE
	EndGlobalSection
	GlobalSection(ExtensibilityGlobals) = postSolution
		SolutionGuid = {B7BDAA77-A2C7-4756-A45F-7EF496A1F2EE}
	EndGlobalSection
EndGlobal
